// !$*UTF8*$!
{
	archiveVersion = 1;
	classes = {
	};
	objectVersion = 56;
	objects = {

/* Begin PBXBuildFile section */
		957E29D22907DD8100992559 /* Model.xcdatamodeld in Sources */ = {isa = PBXBuildFile; fileRef = 957E29D02907DD8100992559 /* Model.xcdatamodeld */; };
		957E29D42907DE9900992559 /* Persistent.swift in Sources */ = {isa = PBXBuildFile; fileRef = 957E29D32907DE9900992559 /* Persistent.swift */; };
		957E29D62907DF8C00992559 /* UsersAttrList.swift in Sources */ = {isa = PBXBuildFile; fileRef = 957E29D52907DF8C00992559 /* UsersAttrList.swift */; };
		957E29D82907FD0C00992559 /* UpdateUserAttr.swift in Sources */ = {isa = PBXBuildFile; fileRef = 957E29D72907FD0C00992559 /* UpdateUserAttr.swift */; };
		9581C48D2944B95200A04DC1 /* ViewModel.swift in Sources */ = {isa = PBXBuildFile; fileRef = 9581C48C2944B95200A04DC1 /* ViewModel.swift */; };
		959623FA29127E45009C4F92 /* AddUserAttr.swift in Sources */ = {isa = PBXBuildFile; fileRef = 959623F929127E45009C4F92 /* AddUserAttr.swift */; };
		95ACDA6728F6D38800C0C3A3 /* test.swift in Sources */ = {isa = PBXBuildFile; fileRef = 95ACDA6628F6D38800C0C3A3 /* test.swift */; };
		95D06BF428EC551400275D7C /* ChangedChairView.swift in Sources */ = {isa = PBXBuildFile; fileRef = 95D06BF328EC551400275D7C /* ChangedChairView.swift */; };
		95F56D79291747B800B0D7C6 /* UAPropaty.swift in Sources */ = {isa = PBXBuildFile; fileRef = 95F56D78291747B800B0D7C6 /* UAPropaty.swift */; };
		95F56D7B29174C2600B0D7C6 /* ChairUI.swift in Sources */ = {isa = PBXBuildFile; fileRef = 95F56D7A29174C2600B0D7C6 /* ChairUI.swift */; };
		95FBA8C328EAEC1A00DB56B9 /* ChangeChairApp.swift in Sources */ = {isa = PBXBuildFile; fileRef = 95FBA8C228EAEC1A00DB56B9 /* ChangeChairApp.swift */; };
		95FBA8C528EAEC1A00DB56B9 /* ContentView.swift in Sources */ = {isa = PBXBuildFile; fileRef = 95FBA8C428EAEC1A00DB56B9 /* ContentView.swift */; };
		95FBA8C728EAEC1C00DB56B9 /* Assets.xcassets in Resources */ = {isa = PBXBuildFile; fileRef = 95FBA8C628EAEC1C00DB56B9 /* Assets.xcassets */; };
		95FBA8CA28EAEC1C00DB56B9 /* Preview Assets.xcassets in Resources */ = {isa = PBXBuildFile; fileRef = 95FBA8C928EAEC1C00DB56B9 /* Preview Assets.xcassets */; };
		95FBA8D428EB231000DB56B9 /* ChangeChairLogic.swift in Sources */ = {isa = PBXBuildFile; fileRef = 95FBA8D328EB231000DB56B9 /* ChangeChairLogic.swift */; };
		95FBA8D628EB232F00DB56B9 /* ConfigureView.swift in Sources */ = {isa = PBXBuildFile; fileRef = 95FBA8D528EB232F00DB56B9 /* ConfigureView.swift */; };
/* End PBXBuildFile section */

/* Begin PBXFileReference section */
		957E29D12907DD8100992559 /* Model.xcdatamodel */ = {isa = PBXFileReference; lastKnownFileType = wrapper.xcdatamodel; path = Model.xcdatamodel; sourceTree = "<group>"; };
		957E29D32907DE9900992559 /* Persistent.swift */ = {isa = PBXFileReference; lastKnownFileType = sourcecode.swift; path = Persistent.swift; sourceTree = "<group>"; };
		957E29D52907DF8C00992559 /* UsersAttrList.swift */ = {isa = PBXFileReference; lastKnownFileType = sourcecode.swift; path = UsersAttrList.swift; sourceTree = "<group>"; };
		957E29D72907FD0C00992559 /* UpdateUserAttr.swift */ = {isa = PBXFileReference; lastKnownFileType = sourcecode.swift; path = UpdateUserAttr.swift; sourceTree = "<group>"; };
		9581C48C2944B95200A04DC1 /* ViewModel.swift */ = {isa = PBXFileReference; lastKnownFileType = sourcecode.swift; path = ViewModel.swift; sourceTree = "<group>"; };
		959623F929127E45009C4F92 /* AddUserAttr.swift */ = {isa = PBXFileReference; lastKnownFileType = sourcecode.swift; path = AddUserAttr.swift; sourceTree = "<group>"; };
		95ACDA6628F6D38800C0C3A3 /* test.swift */ = {isa = PBXFileReference; lastKnownFileType = sourcecode.swift; path = test.swift; sourceTree = "<group>"; };
		95D06BF328EC551400275D7C /* ChangedChairView.swift */ = {isa = PBXFileReference; lastKnownFileType = sourcecode.swift; path = ChangedChairView.swift; sourceTree = "<group>"; };
		95F56D78291747B800B0D7C6 /* UAPropaty.swift */ = {isa = PBXFileReference; lastKnownFileType = sourcecode.swift; path = UAPropaty.swift; sourceTree = "<group>"; };
		95F56D7A29174C2600B0D7C6 /* ChairUI.swift */ = {isa = PBXFileReference; lastKnownFileType = sourcecode.swift; path = ChairUI.swift; sourceTree = "<group>"; };
		95FBA8BF28EAEC1A00DB56B9 /* ChangeChair.app */ = {isa = PBXFileReference; explicitFileType = wrapper.application; includeInIndex = 0; path = ChangeChair.app; sourceTree = BUILT_PRODUCTS_DIR; };
		95FBA8C228EAEC1A00DB56B9 /* ChangeChairApp.swift */ = {isa = PBXFileReference; lastKnownFileType = sourcecode.swift; path = ChangeChairApp.swift; sourceTree = "<group>"; };
		95FBA8C428EAEC1A00DB56B9 /* ContentView.swift */ = {isa = PBXFileReference; lastKnownFileType = sourcecode.swift; path = ContentView.swift; sourceTree = "<group>"; };
		95FBA8C628EAEC1C00DB56B9 /* Assets.xcassets */ = {isa = PBXFileReference; lastKnownFileType = folder.assetcatalog; path = Assets.xcassets; sourceTree = "<group>"; };
		95FBA8C928EAEC1C00DB56B9 /* Preview Assets.xcassets */ = {isa = PBXFileReference; lastKnownFileType = folder.assetcatalog; path = "Preview Assets.xcassets"; sourceTree = "<group>"; };
		95FBA8D228EAEF5100DB56B9 /* MyPlayground.playground */ = {isa = PBXFileReference; lastKnownFileType = file.playground; path = MyPlayground.playground; sourceTree = "<group>"; xcLanguageSpecificationIdentifier = xcode.lang.swift; };
		95FBA8D328EB231000DB56B9 /* ChangeChairLogic.swift */ = {isa = PBXFileReference; lastKnownFileType = sourcecode.swift; path = ChangeChairLogic.swift; sourceTree = "<group>"; };
		95FBA8D528EB232F00DB56B9 /* ConfigureView.swift */ = {isa = PBXFileReference; lastKnownFileType = sourcecode.swift; path = ConfigureView.swift; sourceTree = "<group>"; };
/* End PBXFileReference section */

/* Begin PBXFrameworksBuildPhase section */
		95FBA8BC28EAEC1A00DB56B9 /* Frameworks */ = {
			isa = PBXFrameworksBuildPhase;
			buildActionMask = 2147483647;
			files = (
			);
			runOnlyForDeploymentPostprocessing = 0;
		};
/* End PBXFrameworksBuildPhase section */

/* Begin PBXGroup section */
		9581C48B2944B93200A04DC1 /* ViewModel */ = {
			isa = PBXGroup;
			children = (
				9581C48C2944B95200A04DC1 /* ViewModel.swift */,
			);
			path = ViewModel;
			sourceTree = "<group>";
		};
		95FBA8B628EAEC1A00DB56B9 = {
			isa = PBXGroup;
			children = (
				95FBA8C128EAEC1A00DB56B9 /* ChangeChair */,
				95FBA8C028EAEC1A00DB56B9 /* Products */,
			);
			sourceTree = "<group>";
		};
		95FBA8C028EAEC1A00DB56B9 /* Products */ = {
			isa = PBXGroup;
			children = (
				95FBA8BF28EAEC1A00DB56B9 /* ChangeChair.app */,
			);
			name = Products;
			sourceTree = "<group>";
		};
		95FBA8C128EAEC1A00DB56B9 /* ChangeChair */ = {
			isa = PBXGroup;
			children = (
				9581C48B2944B93200A04DC1 /* ViewModel */,
				95FBA8D128EAEDBC00DB56B9 /* Logic */,
				95FBA8D028EAEDB700DB56B9 /* View */,
				95FBA8C228EAEC1A00DB56B9 /* ChangeChairApp.swift */,
				95FBA8C428EAEC1A00DB56B9 /* ContentView.swift */,
				95FBA8C628EAEC1C00DB56B9 /* Assets.xcassets */,
				957E29D02907DD8100992559 /* Model.xcdatamodeld */,
				95FBA8C828EAEC1C00DB56B9 /* Preview Content */,
				95FBA8D228EAEF5100DB56B9 /* MyPlayground.playground */,
				95ACDA6628F6D38800C0C3A3 /* test.swift */,
				957E29D32907DE9900992559 /* Persistent.swift */,
			);
			path = ChangeChair;
			sourceTree = "<group>";
		};
		95FBA8C828EAEC1C00DB56B9 /* Preview Content */ = {
			isa = PBXGroup;
			children = (
				95FBA8C928EAEC1C00DB56B9 /* Preview Assets.xcassets */,
			);
			path = "Preview Content";
			sourceTree = "<group>";
		};
		95FBA8D028EAEDB700DB56B9 /* View */ = {
			isa = PBXGroup;
			children = (
				95FBA8D528EB232F00DB56B9 /* ConfigureView.swift */,
				95D06BF328EC551400275D7C /* ChangedChairView.swift */,
				957E29D52907DF8C00992559 /* UsersAttrList.swift */,
				957E29D72907FD0C00992559 /* UpdateUserAttr.swift */,
				959623F929127E45009C4F92 /* AddUserAttr.swift */,
				95F56D7A29174C2600B0D7C6 /* ChairUI.swift */,
			);
			path = View;
			sourceTree = "<group>";
		};
		95FBA8D128EAEDBC00DB56B9 /* Logic */ = {
			isa = PBXGroup;
			children = (
				95FBA8D328EB231000DB56B9 /* ChangeChairLogic.swift */,
				95F56D78291747B800B0D7C6 /* UAPropaty.swift */,
			);
			path = Logic;
			sourceTree = "<group>";
		};
/* End PBXGroup section */

/* Begin PBXNativeTarget section */
		95FBA8BE28EAEC1A00DB56B9 /* ChangeChair */ = {
			isa = PBXNativeTarget;
			buildConfigurationList = 95FBA8CD28EAEC1C00DB56B9 /* Build configuration list for PBXNativeTarget "ChangeChair" */;
			buildPhases = (
				95FBA8BB28EAEC1A00DB56B9 /* Sources */,
				95FBA8BC28EAEC1A00DB56B9 /* Frameworks */,
				95FBA8BD28EAEC1A00DB56B9 /* Resources */,
			);
			buildRules = (
			);
			dependencies = (
			);
			name = ChangeChair;
			productName = ChangeChair;
			productReference = 95FBA8BF28EAEC1A00DB56B9 /* ChangeChair.app */;
			productType = "com.apple.product-type.application";
		};
/* End PBXNativeTarget section */

/* Begin PBXProject section */
		95FBA8B728EAEC1A00DB56B9 /* Project object */ = {
			isa = PBXProject;
			attributes = {
				BuildIndependentTargetsInParallel = 1;
				LastSwiftUpdateCheck = 1400;
				LastUpgradeCheck = 1400;
				TargetAttributes = {
					95FBA8BE28EAEC1A00DB56B9 = {
						CreatedOnToolsVersion = 14.0.1;
					};
				};
			};
			buildConfigurationList = 95FBA8BA28EAEC1A00DB56B9 /* Build configuration list for PBXProject "ChangeChair" */;
			compatibilityVersion = "Xcode 14.0";
			developmentRegion = en;
			hasScannedForEncodings = 0;
			knownRegions = (
				en,
				Base,
			);
			mainGroup = 95FBA8B628EAEC1A00DB56B9;
			productRefGroup = 95FBA8C028EAEC1A00DB56B9 /* Products */;
			projectDirPath = "";
			projectRoot = "";
			targets = (
				95FBA8BE28EAEC1A00DB56B9 /* ChangeChair */,
			);
		};
/* End PBXProject section */

/* Begin PBXResourcesBuildPhase section */
		95FBA8BD28EAEC1A00DB56B9 /* Resources */ = {
			isa = PBXResourcesBuildPhase;
			buildActionMask = 2147483647;
			files = (
				95FBA8CA28EAEC1C00DB56B9 /* Preview Assets.xcassets in Resources */,
				95FBA8C728EAEC1C00DB56B9 /* Assets.xcassets in Resources */,
			);
			runOnlyForDeploymentPostprocessing = 0;
		};
/* End PBXResourcesBuildPhase section */

/* Begin PBXSourcesBuildPhase section */
		95FBA8BB28EAEC1A00DB56B9 /* Sources */ = {
			isa = PBXSourcesBuildPhase;
			buildActionMask = 2147483647;
			files = (
				959623FA29127E45009C4F92 /* AddUserAttr.swift in Sources */,
				95FBA8C528EAEC1A00DB56B9 /* ContentView.swift in Sources */,
				95ACDA6728F6D38800C0C3A3 /* test.swift in Sources */,
				957E29D62907DF8C00992559 /* UsersAttrList.swift in Sources */,
				95FBA8C328EAEC1A00DB56B9 /* ChangeChairApp.swift in Sources */,
				957E29D22907DD8100992559 /* Model.xcdatamodeld in Sources */,
				9581C48D2944B95200A04DC1 /* ViewModel.swift in Sources */,
				957E29D42907DE9900992559 /* Persistent.swift in Sources */,
				957E29D82907FD0C00992559 /* UpdateUserAttr.swift in Sources */,
				95F56D7B29174C2600B0D7C6 /* ChairUI.swift in Sources */,
				95FBA8D428EB231000DB56B9 /* ChangeChairLogic.swift in Sources */,
				95FBA8D628EB232F00DB56B9 /* ConfigureView.swift in Sources */,
				95D06BF428EC551400275D7C /* ChangedChairView.swift in Sources */,
				95F56D79291747B800B0D7C6 /* UAPropaty.swift in Sources */,
			);
			runOnlyForDeploymentPostprocessing = 0;
		};
/* End PBXSourcesBuildPhase section */

/* Begin XCBuildConfiguration section */
		95FBA8CB28EAEC1C00DB56B9 /* Debug */ = {
			isa = XCBuildConfiguration;
			buildSettings = {
				ALWAYS_SEARCH_USER_PATHS = NO;
				CLANG_ANALYZER_NONNULL = YES;
				CLANG_ANALYZER_NUMBER_OBJECT_CONVERSION = YES_AGGRESSIVE;
				CLANG_CXX_LANGUAGE_STANDARD = "gnu++20";
				CLANG_ENABLE_MODULES = YES;
				CLANG_ENABLE_OBJC_ARC = YES;
				CLANG_ENABLE_OBJC_WEAK = YES;
				CLANG_WARN_BLOCK_CAPTURE_AUTORELEASING = YES;
				CLANG_WARN_BOOL_CONVERSION = YES;
				CLANG_WARN_COMMA = YES;
				CLANG_WARN_CONSTANT_CONVERSION = YES;
				CLANG_WARN_DEPRECATED_OBJC_IMPLEMENTATIONS = YES;
				CLANG_WARN_DIRECT_OBJC_ISA_USAGE = YES_ERROR;
				CLANG_WARN_DOCUMENTATION_COMMENTS = YES;
				CLANG_WARN_EMPTY_BODY = YES;
				CLANG_WARN_ENUM_CONVERSION = YES;
				CLANG_WARN_INFINITE_RECURSION = YES;
				CLANG_WARN_INT_CONVERSION = YES;
				CLANG_WARN_NON_LITERAL_NULL_CONVERSION = YES;
				CLANG_WARN_OBJC_IMPLICIT_RETAIN_SELF = YES;
				CLANG_WARN_OBJC_LITERAL_CONVERSION = YES;
				CLANG_WARN_OBJC_ROOT_CLASS = YES_ERROR;
				CLANG_WARN_QUOTED_INCLUDE_IN_FRAMEWORK_HEADER = YES;
				CLANG_WARN_RANGE_LOOP_ANALYSIS = YES;
				CLANG_WARN_STRICT_PROTOTYPES = YES;
				CLANG_WARN_SUSPICIOUS_MOVE = YES;
				CLANG_WARN_UNGUARDED_AVAILABILITY = YES_AGGRESSIVE;
				CLANG_WARN_UNREACHABLE_CODE = YES;
				CLANG_WARN__DUPLICATE_METHOD_MATCH = YES;
				COPY_PHASE_STRIP = NO;
				DEBUG_INFORMATION_FORMAT = dwarf;
				ENABLE_STRICT_OBJC_MSGSEND = YES;
				ENABLE_TESTABILITY = YES;
				GCC_C_LANGUAGE_STANDARD = gnu11;
				GCC_DYNAMIC_NO_PIC = NO;
				GCC_NO_COMMON_BLOCKS = YES;
				GCC_OPTIMIZATION_LEVEL = 0;
				GCC_PREPROCESSOR_DEFINITIONS = (
					"DEBUG=1",
					"$(inherited)",
				);
				GCC_WARN_64_TO_32_BIT_CONVERSION = YES;
				GCC_WARN_ABOUT_RETURN_TYPE = YES_ERROR;
				GCC_WARN_UNDECLARED_SELECTOR = YES;
				GCC_WARN_UNINITIALIZED_AUTOS = YES_AGGRESSIVE;
				GCC_WARN_UNUSED_FUNCTION = YES;
				GCC_WARN_UNUSED_VARIABLE = YES;
				IPHONEOS_DEPLOYMENT_TARGET = 16.0;
				MTL_ENABLE_DEBUG_INFO = INCLUDE_SOURCE;
				MTL_FAST_MATH = YES;
				ONLY_ACTIVE_ARCH = YES;
				SDKROOT = iphoneos;
				SWIFT_ACTIVE_COMPILATION_CONDITIONS = DEBUG;
				SWIFT_OPTIMIZATION_LEVEL = "-Onone";
			};
			name = Debug;
		};
		95FBA8CC28EAEC1C00DB56B9 /* Release */ = {
			isa = XCBuildConfiguration;
			buildSettings = {
				ALWAYS_SEARCH_USER_PATHS = NO;
				CLANG_ANALYZER_NONNULL = YES;
				CLANG_ANALYZER_NUMBER_OBJECT_CONVERSION = YES_AGGRESSIVE;
				CLANG_CXX_LANGUAGE_STANDARD = "gnu++20";
				CLANG_ENABLE_MODULES = YES;
				CLANG_ENABLE_OBJC_ARC = YES;
				CLANG_ENABLE_OBJC_WEAK = YES;
				CLANG_WARN_BLOCK_CAPTURE_AUTORELEASING = YES;
				CLANG_WARN_BOOL_CONVERSION = YES;
				CLANG_WARN_COMMA = YES;
				CLANG_WARN_CONSTANT_CONVERSION = YES;
				CLANG_WARN_DEPRECATED_OBJC_IMPLEMENTATIONS = YES;
				CLANG_WARN_DIRECT_OBJC_ISA_USAGE = YES_ERROR;
				CLANG_WARN_DOCUMENTATION_COMMENTS = YES;
				CLANG_WARN_EMPTY_BODY = YES;
				CLANG_WARN_ENUM_CONVERSION = YES;
				CLANG_WARN_INFINITE_RECURSION = YES;
				CLANG_WARN_INT_CONVERSION = YES;
				CLANG_WARN_NON_LITERAL_NULL_CONVERSION = YES;
				CLANG_WARN_OBJC_IMPLICIT_RETAIN_SELF = YES;
				CLANG_WARN_OBJC_LITERAL_CONVERSION = YES;
				CLANG_WARN_OBJC_ROOT_CLASS = YES_ERROR;
				CLANG_WARN_QUOTED_INCLUDE_IN_FRAMEWORK_HEADER = YES;
				CLANG_WARN_RANGE_LOOP_ANALYSIS = YES;
				CLANG_WARN_STRICT_PROTOTYPES = YES;
				CLANG_WARN_SUSPICIOUS_MOVE = YES;
				CLANG_WARN_UNGUARDED_AVAILABILITY = YES_AGGRESSIVE;
				CLANG_WARN_UNREACHABLE_CODE = YES;
				CLANG_WARN__DUPLICATE_METHOD_MATCH = YES;
				COPY_PHASE_STRIP = NO;
				DEBUG_INFORMATION_FORMAT = "dwarf-with-dsym";
				ENABLE_NS_ASSERTIONS = NO;
				ENABLE_STRICT_OBJC_MSGSEND = YES;
				GCC_C_LANGUAGE_STANDARD = gnu11;
				GCC_NO_COMMON_BLOCKS = YES;
				GCC_WARN_64_TO_32_BIT_CONVERSION = YES;
				GCC_WARN_ABOUT_RETURN_TYPE = YES_ERROR;
				GCC_WARN_UNDECLARED_SELECTOR = YES;
				GCC_WARN_UNINITIALIZED_AUTOS = YES_AGGRESSIVE;
				GCC_WARN_UNUSED_FUNCTION = YES;
				GCC_WARN_UNUSED_VARIABLE = YES;
				IPHONEOS_DEPLOYMENT_TARGET = 16.0;
				MTL_ENABLE_DEBUG_INFO = NO;
				MTL_FAST_MATH = YES;
				SDKROOT = iphoneos;
				SWIFT_COMPILATION_MODE = wholemodule;
				SWIFT_OPTIMIZATION_LEVEL = "-O";
				VALIDATE_PRODUCT = YES;
			};
			name = Release;
		};
		95FBA8CE28EAEC1C00DB56B9 /* Debug */ = {
			isa = XCBuildConfiguration;
			buildSettings = {
				ASSETCATALOG_COMPILER_APPICON_NAME = AppIcon;
				ASSETCATALOG_COMPILER_GLOBAL_ACCENT_COLOR_NAME = AccentColor;
				CODE_SIGN_STYLE = Automatic;
				CURRENT_PROJECT_VERSION = 1;
				DEVELOPMENT_ASSET_PATHS = "\"ChangeChair/Preview Content\"";
				DEVELOPMENT_TEAM = 8AWQT363B9;
				ENABLE_PREVIEWS = YES;
				GENERATE_INFOPLIST_FILE = YES;
				INFOPLIST_KEY_UIApplicationSceneManifest_Generation = YES;
				INFOPLIST_KEY_UIApplicationSupportsIndirectInputEvents = YES;
				INFOPLIST_KEY_UILaunchScreen_Generation = YES;
				INFOPLIST_KEY_UISupportedInterfaceOrientations_iPad = "UIInterfaceOrientationPortrait UIInterfaceOrientationPortraitUpsideDown UIInterfaceOrientationLandscapeLeft UIInterfaceOrientationLandscapeRight";
				INFOPLIST_KEY_UISupportedInterfaceOrientations_iPhone = "UIInterfaceOrientationPortrait UIInterfaceOrientationLandscapeLeft UIInterfaceOrientationLandscapeRight";
				LD_RUNPATH_SEARCH_PATHS = (
					"$(inherited)",
					"@executable_path/Frameworks",
				);
				MARKETING_VERSION = 1.0;
				PRODUCT_BUNDLE_IDENTIFIER = com.yojioha.ChangeChair;
				PRODUCT_NAME = "$(TARGET_NAME)";
				SWIFT_EMIT_LOC_STRINGS = YES;
				SWIFT_VERSION = 5.0;
				TARGETED_DEVICE_FAMILY = "1,2";
			};
			name = Debug;
		};
		95FBA8CF28EAEC1C00DB56B9 /* Release */ = {
			isa = XCBuildConfiguration;
			buildSettings = {
				ASSETCATALOG_COMPILER_APPICON_NAME = AppIcon;
				ASSETCATALOG_COMPILER_GLOBAL_ACCENT_COLOR_NAME = AccentColor;
				CODE_SIGN_STYLE = Automatic;
				CURRENT_PROJECT_VERSION = 1;
				DEVELOPMENT_ASSET_PATHS = "\"ChangeChair/Preview Content\"";
				DEVELOPMENT_TEAM = 8AWQT363B9;
				ENABLE_PREVIEWS = YES;
				GENERATE_INFOPLIST_FILE = YES;
				INFOPLIST_KEY_UIApplicationSceneManifest_Generation = YES;
				INFOPLIST_KEY_UIApplicationSupportsIndirectInputEvents = YES;
				INFOPLIST_KEY_UILaunchScreen_Generation = YES;
				INFOPLIST_KEY_UISupportedInterfaceOrientations_iPad = "UIInterfaceOrientationPortrait UIInterfaceOrientationPortraitUpsideDown UIInterfaceOrientationLandscapeLeft UIInterfaceOrientationLandscapeRight";
				INFOPLIST_KEY_UISupportedInterfaceOrientations_iPhone = "UIInterfaceOrientationPortrait UIInterfaceOrientationLandscapeLeft UIInterfaceOrientationLandscapeRight";
				LD_RUNPATH_SEARCH_PATHS = (
					"$(inherited)",
					"@executable_path/Frameworks",
				);
				MARKETING_VERSION = 1.0;
				PRODUCT_BUNDLE_IDENTIFIER = com.yojioha.ChangeChair;
				PRODUCT_NAME = "$(TARGET_NAME)";
				SWIFT_EMIT_LOC_STRINGS = YES;
				SWIFT_VERSION = 5.0;
				TARGETED_DEVICE_FAMILY = "1,2";
			};
			name = Release;
		};
/* End XCBuildConfiguration section */

/* Begin XCConfigurationList section */
		95FBA8BA28EAEC1A00DB56B9 /* Build configuration list for PBXProject "ChangeChair" */ = {
			isa = XCConfigurationList;
			buildConfigurations = (
				95FBA8CB28EAEC1C00DB56B9 /* Debug */,
				95FBA8CC28EAEC1C00DB56B9 /* Release */,
			);
			defaultConfigurationIsVisible = 0;
			defaultConfigurationName = Release;
		};
		95FBA8CD28EAEC1C00DB56B9 /* Build configuration list for PBXNativeTarget "ChangeChair" */ = {
			isa = XCConfigurationList;
			buildConfigurations = (
				95FBA8CE28EAEC1C00DB56B9 /* Debug */,
				95FBA8CF28EAEC1C00DB56B9 /* Release */,
			);
			defaultConfigurationIsVisible = 0;
			defaultConfigurationName = Release;
		};
/* End XCConfigurationList section */

/* Begin XCVersionGroup section */
		957E29D02907DD8100992559 /* Model.xcdatamodeld */ = {
			isa = XCVersionGroup;
			children = (
				957E29D12907DD8100992559 /* Model.xcdatamodel */,
			);
			currentVersion = 957E29D12907DD8100992559 /* Model.xcdatamodel */;
			path = Model.xcdatamodeld;
			sourceTree = "<group>";
			versionGroupType = wrapper.xcdatamodel;
		};
/* End XCVersionGroup section */
	};
	rootObject = 95FBA8B728EAEC1A00DB56B9 /* Project object */;
}
